
Microsoft Visual Studio Solution File, Format Version 12.00
# Visual Studio Version 16
VisualStudioVersion = 16.0.30516.212
MinimumVisualStudioVersion = 10.0.40219.1
Project("{FAE04EC0-301F-11D3-BF4B-00C04F79EFBC}") = "Hawaso", "Hawaso\Hawaso.csproj", "{0564CCCC-B58F-416F-8BE2-5365453027BD}"
EndProject
Project("{FAE04EC0-301F-11D3-BF4B-00C04F79EFBC}") = "Hawaso.Models", "Hawaso.Models\Hawaso.Models.csproj", "{89E00D20-0F35-4A1F-A354-C4E84CE78EDD}"
EndProject
Project("{00D1A9C2-B5F0-4AF3-8072-F6C62B433612}") = "Hawaso.SqlServer", "Hawaso.SqlServer\Hawaso.SqlServer.sqlproj", "{639FD2AE-3047-45F4-86DB-4E7254090BE1}"
EndProject
Global
	GlobalSection(SolutionConfigurationPlatforms) = preSolution
		Debug|Any CPU = Debug|Any CPU
		Release|Any CPU = Release|Any CPU
	EndGlobalSection
	GlobalSection(ProjectConfigurationPlatforms) = postSolution
		{0564CCCC-B58F-416F-8BE2-5365453027BD}.Debug|Any CPU.ActiveCfg = Debug|Any CPU
		{0564CCCC-B58F-416F-8BE2-5365453027BD}.Debug|Any CPU.Build.0 = Debug|Any CPU
		{0564CCCC-B58F-416F-8BE2-5365453027BD}.Release|Any CPU.ActiveCfg = Release|Any CPU
		{0564CCCC-B58F-416F-8BE2-5365453027BD}.Release|Any CPU.Build.0 = Release|Any CPU
		{89E00D20-0F35-4A1F-A354-C4E84CE78EDD}.Debug|Any CPU.ActiveCfg = Debug|Any CPU
		{89E00D20-0F35-4A1F-A354-C4E84CE78EDD}.Debug|Any CPU.Build.0 = Debug|Any CPU
		{89E00D20-0F35-4A1F-A354-C4E84CE78EDD}.Release|Any CPU.ActiveCfg = Release|Any CPU
		{89E00D20-0F35-4A1F-A354-C4E84CE78EDD}.Release|Any CPU.Build.0 = Release|Any CPU
		{639FD2AE-3047-45F4-86DB-4E7254090BE1}.Debug|Any CPU.ActiveCfg = Debug|Any CPU
		{639FD2AE-3047-45F4-86DB-4E7254090BE1}.Debug|Any CPU.Build.0 = Debug|Any CPU
		{639FD2AE-3047-45F4-86DB-4E7254090BE1}.Debug|Any CPU.Deploy.0 = Debug|Any CPU
		{639FD2AE-3047-45F4-86DB-4E7254090BE1}.Release|Any CPU.ActiveCfg = Release|Any CPU
		{639FD2AE-3047-45F4-86DB-4E7254090BE1}.Release|Any CPU.Build.0 = Release|Any CPU
		{639FD2AE-3047-45F4-86DB-4E7254090BE1}.Release|Any CPU.Deploy.0 = Release|Any CPU
	EndGlobalSection
	GlobalSection(SolutionProperties) = preSolution
		HideSolutionNode = FALSE
	EndGlobalSection
	GlobalSection(ExtensibilityGlobals) = postSolution
		SolutionGuid = {459E06AE-A03A-4EF3-8A18-9083FCFED00C}
	EndGlobalSection
EndGlobal
